// !$*UTF8*$!
{
	archiveVersion = 1;
	classes = {
	};
	objectVersion = 77;
	objects = {

/* Begin PBXBuildFile section */
		CF9024B42F80D49A0020ACEC /* Quartz.framework in Frameworks */ = {isa = PBXBuildFile; fileRef = CF9024B32F80D49A0020ACEC /* Quartz.framework */; };
		CF9024C02F80D49A0020ACEC /* XLFQLPreview.appex in Embed Foundation Extensions */ = {isa = PBXBuildFile; fileRef = CF9024B12F80D49A0020ACEC /* XLFQLPreview.appex */; settings = {ATTRIBUTES = (RemoveHeadersOnCopy, ); }; };
/* End PBXBuildFile section */

/* Begin PBXContainerItemProxy section */
		CF9024BE2F80D49A0020ACEC /* PBXContainerItemProxy */ = {
			isa = PBXContainerItemProxy;
			containerPortal = CF9024962F80D4510020ACEC /* Project object */;
			proxyType = 1;
			remoteGlobalIDString = CF9024B02F80D49A0020ACEC;
			remoteInfo = XLFQLPreview;
		};
		CF9024E12F80F6F60020ACEC /* PBXContainerItemProxy */ = {
			isa = PBXContainerItemProxy;
			containerPortal = CF9024962F80D4510020ACEC /* Project object */;
			proxyType = 1;
			remoteGlobalIDString = CF90249D2F80D4510020ACEC;
			remoteInfo = XLFQLApp;
		};
/* End PBXContainerItemProxy section */

/* Begin PBXCopyFilesBuildPhase section */
		CF9024C52F80D49A0020ACEC /* Embed Foundation Extensions */ = {
			isa = PBXCopyFilesBuildPhase;
			buildActionMask = 2147483647;
			dstPath = "";
			dstSubfolderSpec = 13;
			files = (
				CF9024C02F80D49A0020ACEC /* XLFQLPreview.appex in Embed Foundation Extensions */,
			);
			name = "Embed Foundation Extensions";
			runOnlyForDeploymentPostprocessing = 0;
		};
/* End PBXCopyFilesBuildPhase section */

/* Begin PBXFileReference section */
		CF53A43B2F89D52F0006EA64 /* Debug.xcconfig */ = {isa = PBXFileReference; lastKnownFileType = text.xcconfig; path = Debug.xcconfig; sourceTree = "<group>"; };
		CF53A43C2F89D52F0006EA64 /* Release.xcconfig */ = {isa = PBXFileReference; lastKnownFileType = text.xcconfig; path = Release.xcconfig; sourceTree = "<group>"; };
		CF90249E2F80D4510020ACEC /* XLFQLApp.app */ = {isa = PBXFileReference; explicitFileType = wrapper.application; includeInIndex = 0; path = XLFQLApp.app; sourceTree = BUILT_PRODUCTS_DIR; };
		CF9024B12F80D49A0020ACEC /* XLFQLPreview.appex */ = {isa = PBXFileReference; explicitFileType = "wrapper.app-extension"; includeInIndex = 0; path = XLFQLPreview.appex; sourceTree = BUILT_PRODUCTS_DIR; };
		CF9024B32F80D49A0020ACEC /* Quartz.framework */ = {isa = PBXFileReference; lastKnownFileType = wrapper.framework; name = Quartz.framework; path = System/Library/Frameworks/Quartz.framework; sourceTree = SDKROOT; };
		CF9024DD2F80F6F60020ACEC /* XLFQLTests.xctest */ = {isa = PBXFileReference; explicitFileType = wrapper.cfbundle; includeInIndex = 0; path = XLFQLTests.xctest; sourceTree = BUILT_PRODUCTS_DIR; };
/* End PBXFileReference section */

/* Begin PBXFileSystemSynchronizedBuildFileExceptionSet section */
		CF9024C12F80D49A0020ACEC /* Exceptions for "XLFQLPreview" folder in "XLFQLPreview" target */ = {
			isa = PBXFileSystemSynchronizedBuildFileExceptionSet;
			membershipExceptions = (
				Info.plist,
			);
			target = CF9024B02F80D49A0020ACEC /* XLFQLPreview */;
		};
		CF9024E92F80F8880020ACEC /* Exceptions for "XLFQLPreview" folder in "XLFQLTests" target */ = {
			isa = PBXFileSystemSynchronizedBuildFileExceptionSet;
			membershipExceptions = (
				XLIFFParser.swift,
			);
			target = CF9024DC2F80F6F60020ACEC /* XLFQLTests */;
		};
		CFA085672F8A251C00BFD2E0 /* Exceptions for "XLFQLApp" folder in "XLFQLApp" target */ = {
			isa = PBXFileSystemSynchronizedBuildFileExceptionSet;
			membershipExceptions = (
				Info.plist,
			);
			target = CF90249D2F80D4510020ACEC /* XLFQLApp */;
		};
/* End PBXFileSystemSynchronizedBuildFileExceptionSet section */

/* Begin PBXFileSystemSynchronizedRootGroup section */
		CF9024A02F80D4510020ACEC /* XLFQLApp */ = {
			isa = PBXFileSystemSynchronizedRootGroup;
			exceptions = (
				CFA085672F8A251C00BFD2E0 /* Exceptions for "XLFQLApp" folder in "XLFQLApp" target */,
			);
			path = XLFQLApp;
			sourceTree = "<group>";
		};
		CF9024B52F80D49A0020ACEC /* XLFQLPreview */ = {
			isa = PBXFileSystemSynchronizedRootGroup;
			exceptions = (
				CF9024C12F80D49A0020ACEC /* Exceptions for "XLFQLPreview" folder in "XLFQLPreview" target */,
				CF9024E92F80F8880020ACEC /* Exceptions for "XLFQLPreview" folder in "XLFQLTests" target */,
			);
			path = XLFQLPreview;
			sourceTree = "<group>";
		};
		CF9024DE2F80F6F60020ACEC /* XLFQLTests */ = {
			isa = PBXFileSystemSynchronizedRootGroup;
			path = XLFQLTests;
			sourceTree = "<group>";
		};
/* End PBXFileSystemSynchronizedRootGroup section */

/* Begin PBXFrameworksBuildPhase section */
		CF90249B2F80D4510020ACEC /* Frameworks */ = {
			isa = PBXFrameworksBuildPhase;
			buildActionMask = 2147483647;
			files = (
			);
			runOnlyForDeploymentPostprocessing = 0;
		};
		CF9024AE2F80D49A0020ACEC /* Frameworks */ = {
			isa = PBXFrameworksBuildPhase;
			buildActionMask = 2147483647;
			files = (
				CF9024B42F80D49A0020ACEC /* Quartz.framework in Frameworks */,
			);
			runOnlyForDeploymentPostprocessing = 0;
		};
		CF9024DA2F80F6F60020ACEC /* Frameworks */ = {
			isa = PBXFrameworksBuildPhase;
			buildActionMask = 2147483647;
			files = (
			);
			runOnlyForDeploymentPostprocessing = 0;
		};
/* End PBXFrameworksBuildPhase section */

/* Begin PBXGroup section */
		CF53A43D2F89D52F0006EA64 /* Config */ = {
			isa = PBXGroup;
			children = (
				CF53A43B2F89D52F0006EA64 /* Debug.xcconfig */,
				CF53A43C2F89D52F0006EA64 /* Release.xcconfig */,
			);
			path = Config;
			sourceTree = "<group>";
		};
		CF9024952F80D4510020ACEC = {
			isa = PBXGroup;
			children = (
				CF53A43D2F89D52F0006EA64 /* Config */,
				CF9024A02F80D4510020ACEC /* XLFQLApp */,
				CF9024B52F80D49A0020ACEC /* XLFQLPreview */,
				CF9024DE2F80F6F60020ACEC /* XLFQLTests */,
				CF9024B22F80D49A0020ACEC /* Frameworks */,
				CF90249F2F80D4510020ACEC /* Products */,
			);
			sourceTree = "<group>";
		};
		CF90249F2F80D4510020ACEC /* Products */ = {
			isa = PBXGroup;
			children = (
				CF90249E2F80D4510020ACEC /* XLFQLApp.app */,
				CF9024B12F80D49A0020ACEC /* XLFQLPreview.appex */,
				CF9024DD2F80F6F60020ACEC /* XLFQLTests.xctest */,
			);
			name = Products;
			sourceTree = "<group>";
		};
		CF9024B22F80D49A0020ACEC /* Frameworks */ = {
			isa = PBXGroup;
			children = (
				CF9024B32F80D49A0020ACEC /* Quartz.framework */,
			);
			name = Frameworks;
			sourceTree = "<group>";
		};
/* End PBXGroup section */

/* Begin PBXNativeTarget section */
		CF90249D2F80D4510020ACEC /* XLFQLApp */ = {
			isa = PBXNativeTarget;
			buildConfigurationList = CF9024AA2F80D4520020ACEC /* Build configuration list for PBXNativeTarget "XLFQLApp" */;
			buildPhases = (
				CF90249A2F80D4510020ACEC /* Sources */,
				CF90249B2F80D4510020ACEC /* Frameworks */,
				CF90249C2F80D4510020ACEC /* Resources */,
				CF9024C52F80D49A0020ACEC /* Embed Foundation Extensions */,
			);
			buildRules = (
			);
			dependencies = (
				CF9024BF2F80D49A0020ACEC /* PBXTargetDependency */,
			);
			fileSystemSynchronizedGroups = (
				CF9024A02F80D4510020ACEC /* XLFQLApp */,
			);
			name = XLFQLApp;
			packageProductDependencies = (
			);
			productName = XLFQLApp;
			productReference = CF90249E2F80D4510020ACEC /* XLFQLApp.app */;
			productType = "com.apple.product-type.application";
		};
		CF9024B02F80D49A0020ACEC /* XLFQLPreview */ = {
			isa = PBXNativeTarget;
			buildConfigurationList = CF9024C22F80D49A0020ACEC /* Build configuration list for PBXNativeTarget "XLFQLPreview" */;
			buildPhases = (
				CF9024AD2F80D49A0020ACEC /* Sources */,
				CF9024AE2F80D49A0020ACEC /* Frameworks */,
				CF9024AF2F80D49A0020ACEC /* Resources */,
			);
			buildRules = (
			);
			dependencies = (
			);
			fileSystemSynchronizedGroups = (
				CF9024B52F80D49A0020ACEC /* XLFQLPreview */,
			);
			name = XLFQLPreview;
			packageProductDependencies = (
			);
			productName = XLFQLPreview;
			productReference = CF9024B12F80D49A0020ACEC /* XLFQLPreview.appex */;
			productType = "com.apple.product-type.app-extension";
		};
		CF9024DC2F80F6F60020ACEC /* XLFQLTests */ = {
			isa = PBXNativeTarget;
			buildConfigurationList = CF9024E32F80F6F60020ACEC /* Build configuration list for PBXNativeTarget "XLFQLTests" */;
			buildPhases = (
				CF9024D92F80F6F60020ACEC /* Sources */,
				CF9024DA2F80F6F60020ACEC /* Frameworks */,
				CF9024DB2F80F6F60020ACEC /* Resources */,
			);
			buildRules = (
			);
			dependencies = (
				CF9024E22F80F6F60020ACEC /* PBXTargetDependency */,
			);
			fileSystemSynchronizedGroups = (
				CF9024DE2F80F6F60020ACEC /* XLFQLTests */,
			);
			name = XLFQLTests;
			packageProductDependencies = (
			);
			productName = XLFQLTests;
			productReference = CF9024DD2F80F6F60020ACEC /* XLFQLTests.xctest */;
			productType = "com.apple.product-type.bundle.unit-test";
		};
/* End PBXNativeTarget section */

/* Begin PBXProject section */
		CF9024962F80D4510020ACEC /* Project object */ = {
			isa = PBXProject;
			attributes = {
				BuildIndependentTargetsInParallel = 1;
				LastSwiftUpdateCheck = 2630;
				LastUpgradeCheck = 2630;
				TargetAttributes = {
					CF90249D2F80D4510020ACEC = {
						CreatedOnToolsVersion = 26.3;
					};
					CF9024B02F80D49A0020ACEC = {
						CreatedOnToolsVersion = 26.3;
					};
					CF9024DC2F80F6F60020ACEC = {
						CreatedOnToolsVersion = 26.3;
						TestTargetID = CF90249D2F80D4510020ACEC;
					};
				};
			};
			buildConfigurationList = CF9024992F80D4510020ACEC /* Build configuration list for PBXProject "XLFQLApp" */;
			developmentRegion = en;
			hasScannedForEncodings = 0;
			knownRegions = (
				en,
				Base,
			);
			mainGroup = CF9024952F80D4510020ACEC;
			minimizedProjectReferenceProxies = 1;
			preferredProjectObjectVersion = 77;
			productRefGroup = CF90249F2F80D4510020ACEC /* Products */;
			projectDirPath = "";
			projectRoot = "";
			targets = (
				CF90249D2F80D4510020ACEC /* XLFQLApp */,
				CF9024B02F80D49A0020ACEC /* XLFQLPreview */,
				CF9024DC2F80F6F60020ACEC /* XLFQLTests */,
			);
		};
/* End PBXProject section */

/* Begin PBXResourcesBuildPhase section */
		CF90249C2F80D4510020ACEC /* Resources */ = {
			isa = PBXResourcesBuildPhase;
			buildActionMask = 2147483647;
			files = (
			);
			runOnlyForDeploymentPostprocessing = 0;
		};
		CF9024AF2F80D49A0020ACEC /* Resources */ = {
			isa = PBXResourcesBuildPhase;
			buildActionMask = 2147483647;
			files = (
			);
			runOnlyForDeploymentPostprocessing = 0;
		};
		CF9024DB2F80F6F60020ACEC /* Resources */ = {
			isa = PBXResourcesBuildPhase;
			buildActionMask = 2147483647;
			files = (
			);
			runOnlyForDeploymentPostprocessing = 0;
		};
/* End PBXResourcesBuildPhase section */

/* Begin PBXSourcesBuildPhase section */
		CF90249A2F80D4510020ACEC /* Sources */ = {
			isa = PBXSourcesBuildPhase;
			buildActionMask = 2147483647;
			files = (
			);
			runOnlyForDeploymentPostprocessing = 0;
		};
		CF9024AD2F80D49A0020ACEC /* Sources */ = {
			isa = PBXSourcesBuildPhase;
			buildActionMask = 2147483647;
			files = (
			);
			runOnlyForDeploymentPostprocessing = 0;
		};
		CF9024D92F80F6F60020ACEC /* Sources */ = {
			isa = PBXSourcesBuildPhase;
			buildActionMask = 2147483647;
			files = (
			);
			runOnlyForDeploymentPostprocessing = 0;
		};
/* End PBXSourcesBuildPhase section */

/* Begin PBXTargetDependency section */
		CF9024BF2F80D49A0020ACEC /* PBXTargetDependency */ = {
			isa = PBXTargetDependency;
			target = CF9024B02F80D49A0020ACEC /* XLFQLPreview */;
			targetProxy = CF9024BE2F80D49A0020ACEC /* PBXContainerItemProxy */;
		};
		CF9024E22F80F6F60020ACEC /* PBXTargetDependency */ = {
			isa = PBXTargetDependency;
			target = CF90249D2F80D4510020ACEC /* XLFQLApp */;
			targetProxy = CF9024E12F80F6F60020ACEC /* PBXContainerItemProxy */;
		};
/* End PBXTargetDependency section */

/* Begin XCBuildConfiguration section */
		CF9024A82F80D4520020ACEC /* Debug */ = {
			isa = XCBuildConfiguration;
			baseConfigurationReference = CF53A43B2F89D52F0006EA64 /* Debug.xcconfig */;
			buildSettings = {
				ALWAYS_SEARCH_USER_PATHS = NO;
				ASSETCATALOG_COMPILER_GENERATE_SWIFT_ASSET_SYMBOL_EXTENSIONS = YES;
				CLANG_ANALYZER_NONNULL = YES;
				CLANG_ANALYZER_NUMBER_OBJECT_CONVERSION = YES_AGGRESSIVE;
				CLANG_CXX_LANGUAGE_STANDARD = "gnu++20";
				CLANG_ENABLE_MODULES = YES;
				CLANG_ENABLE_OBJC_ARC = YES;
				CLANG_ENABLE_OBJC_WEAK = YES;
				CLANG_WARN_BLOCK_CAPTURE_AUTORELEASING = YES;
				CLANG_WARN_BOOL_CONVERSION = YES;
				CLANG_WARN_COMMA = YES;
				CLANG_WARN_CONSTANT_CONVERSION = YES;
				CLANG_WARN_DEPRECATED_OBJC_IMPLEMENTATIONS = YES;
				CLANG_WARN_DIRECT_OBJC_ISA_USAGE = YES_ERROR;
				CLANG_WARN_DOCUMENTATION_COMMENTS = YES;
				CLANG_WARN_EMPTY_BODY = YES;
				CLANG_WARN_ENUM_CONVERSION = YES;
				CLANG_WARN_INFINITE_RECURSION = YES;
				CLANG_WARN_INT_CONVERSION = YES;
				CLANG_WARN_NON_LITERAL_NULL_CONVERSION = YES;
				CLANG_WARN_OBJC_IMPLICIT_RETAIN_SELF = YES;
				CLANG_WARN_OBJC_LITERAL_CONVERSION = YES;
				CLANG_WARN_OBJC_ROOT_CLASS = YES_ERROR;
				CLANG_WARN_QUOTED_INCLUDE_IN_FRAMEWORK_HEADER = YES;
				CLANG_WARN_RANGE_LOOP_ANALYSIS = YES;
				CLANG_WARN_STRICT_PROTOTYPES = YES;
				CLANG_WARN_SUSPICIOUS_MOVE = YES;
				CLANG_WARN_UNGUARDED_AVAILABILITY = YES_AGGRESSIVE;
				CLANG_WARN_UNREACHABLE_CODE = YES;
				CLANG_WARN__DUPLICATE_METHOD_MATCH = YES;
				COPY_PHASE_STRIP = NO;
				DEBUG_INFORMATION_FORMAT = dwarf;
				ENABLE_STRICT_OBJC_MSGSEND = YES;
				ENABLE_TESTABILITY = YES;
				ENABLE_USER_SCRIPT_SANDBOXING = YES;
				GCC_C_LANGUAGE_STANDARD = gnu17;
				GCC_DYNAMIC_NO_PIC = NO;
				GCC_NO_COMMON_BLOCKS = YES;
				GCC_OPTIMIZATION_LEVEL = 0;
				GCC_PREPROCESSOR_DEFINITIONS = (
					"DEBUG=1",
					"$(inherited)",
				);
				GCC_WARN_64_TO_32_BIT_CONVERSION = YES;
				GCC_WARN_ABOUT_RETURN_TYPE = YES_ERROR;
				GCC_WARN_UNDECLARED_SELECTOR = YES;
				GCC_WARN_UNINITIALIZED_AUTOS = YES_AGGRESSIVE;
				GCC_WARN_UNUSED_FUNCTION = YES;
				GCC_WARN_UNUSED_VARIABLE = YES;
				LOCALIZATION_PREFERS_STRING_CATALOGS = YES;
				MACOSX_DEPLOYMENT_TARGET = 26.2;
				MTL_ENABLE_DEBUG_INFO = INCLUDE_SOURCE;
				MTL_FAST_MATH = YES;
				ONLY_ACTIVE_ARCH = YES;
				SDKROOT = macosx;
				SWIFT_ACTIVE_COMPILATION_CONDITIONS = "DEBUG $(inherited)";
				SWIFT_OPTIMIZATION_LEVEL = "-Onone";
			};
			name = Debug;
		};
		CF9024A92F80D4520020ACEC /* Release */ = {
			isa = XCBuildConfiguration;
			baseConfigurationReference = CF53A43C2F89D52F0006EA64 /* Release.xcconfig */;
			buildSettings = {
				ALWAYS_SEARCH_USER_PATHS = NO;
				ASSETCATALOG_COMPILER_GENERATE_SWIFT_ASSET_SYMBOL_EXTENSIONS = YES;
				CLANG_ANALYZER_NONNULL = YES;
				CLANG_ANALYZER_NUMBER_OBJECT_CONVERSION = YES_AGGRESSIVE;
				CLANG_CXX_LANGUAGE_STANDARD = "gnu++20";
				CLANG_ENABLE_MODULES = YES;
				CLANG_ENABLE_OBJC_ARC = YES;
				CLANG_ENABLE_OBJC_WEAK = YES;
				CLANG_WARN_BLOCK_CAPTURE_AUTORELEASING = YES;
				CLANG_WARN_BOOL_CONVERSION = YES;
				CLANG_WARN_COMMA = YES;
				CLANG_WARN_CONSTANT_CONVERSION = YES;
				CLANG_WARN_DEPRECATED_OBJC_IMPLEMENTATIONS = YES;
				CLANG_WARN_DIRECT_OBJC_ISA_USAGE = YES_ERROR;
				CLANG_WARN_DOCUMENTATION_COMMENTS = YES;
				CLANG_WARN_EMPTY_BODY = YES;
				CLANG_WARN_ENUM_CONVERSION = YES;
				CLANG_WARN_INFINITE_RECURSION = YES;
				CLANG_WARN_INT_CONVERSION = YES;
				CLANG_WARN_NON_LITERAL_NULL_CONVERSION = YES;
				CLANG_WARN_OBJC_IMPLICIT_RETAIN_SELF = YES;
				CLANG_WARN_OBJC_LITERAL_CONVERSION = YES;
				CLANG_WARN_OBJC_ROOT_CLASS = YES_ERROR;
				CLANG_WARN_QUOTED_INCLUDE_IN_FRAMEWORK_HEADER = YES;
				CLANG_WARN_RANGE_LOOP_ANALYSIS = YES;
				CLANG_WARN_STRICT_PROTOTYPES = YES;
				CLANG_WARN_SUSPICIOUS_MOVE = YES;
				CLANG_WARN_UNGUARDED_AVAILABILITY = YES_AGGRESSIVE;
				CLANG_WARN_UNREACHABLE_CODE = YES;
				CLANG_WARN__DUPLICATE_METHOD_MATCH = YES;
				COPY_PHASE_STRIP = NO;
				DEBUG_INFORMATION_FORMAT = "dwarf-with-dsym";
				ENABLE_NS_ASSERTIONS = NO;
				ENABLE_STRICT_OBJC_MSGSEND = YES;
				ENABLE_USER_SCRIPT_SANDBOXING = YES;
				GCC_C_LANGUAGE_STANDARD = gnu17;
				GCC_NO_COMMON_BLOCKS = YES;
				GCC_WARN_64_TO_32_BIT_CONVERSION = YES;
				GCC_WARN_ABOUT_RETURN_TYPE = YES_ERROR;
				GCC_WARN_UNDECLARED_SELECTOR = YES;
				GCC_WARN_UNINITIALIZED_AUTOS = YES_AGGRESSIVE;
				GCC_WARN_UNUSED_FUNCTION = YES;
				GCC_WARN_UNUSED_VARIABLE = YES;
				LOCALIZATION_PREFERS_STRING_CATALOGS = YES;
				MACOSX_DEPLOYMENT_TARGET = 26.2;
				MTL_ENABLE_DEBUG_INFO = NO;
				MTL_FAST_MATH = YES;
				SDKROOT = macosx;
				SWIFT_COMPILATION_MODE = wholemodule;
			};
			name = Release;
		};
		CF9024AB2F80D4520020ACEC /* Debug */ = {
			isa = XCBuildConfiguration;
			buildSettings = {
				ASSETCATALOG_COMPILER_APPICON_NAME = AppIcon;
				ASSETCATALOG_COMPILER_GLOBAL_ACCENT_COLOR_NAME = AccentColor;
				CODE_SIGN_STYLE = Automatic;
				COMBINE_HIDPI_IMAGES = YES;
				CURRENT_PROJECT_VERSION = 1;
				ENABLE_APP_SANDBOX = YES;
				ENABLE_USER_SELECTED_FILES = readonly;
				GENERATE_INFOPLIST_FILE = YES;
				INFOPLIST_FILE = XLFQLApp/Info.plist;
				INFOPLIST_KEY_NSHumanReadableCopyright = "";
				INFOPLIST_KEY_NSMainNibFile = MainMenu;
				INFOPLIST_KEY_NSPrincipalClass = NSApplication;
				LD_RUNPATH_SEARCH_PATHS = (
					"$(inherited)",
					"@executable_path/../Frameworks",
				);
				MARKETING_VERSION = 1.1;
				PRODUCT_BUNDLE_IDENTIFIER = "$(APP_BUNDLE_ID)";
				PRODUCT_NAME = "$(TARGET_NAME)";
				REGISTER_APP_GROUPS = YES;
				STRING_CATALOG_GENERATE_SYMBOLS = YES;
				SWIFT_APPROACHABLE_CONCURRENCY = YES;
				SWIFT_DEFAULT_ACTOR_ISOLATION = MainActor;
				SWIFT_EMIT_LOC_STRINGS = YES;
				SWIFT_UPCOMING_FEATURE_MEMBER_IMPORT_VISIBILITY = YES;
				SWIFT_VERSION = 5.0;
			};
			name = Debug;
		};
		CF9024AC2F80D4520020ACEC /* Release */ = {
			isa = XCBuildConfiguration;
			buildSettings = {
				ASSETCATALOG_COMPILER_APPICON_NAME = AppIcon;
				ASSETCATALOG_COMPILER_GLOBAL_ACCENT_COLOR_NAME = AccentColor;
				CODE_SIGN_STYLE = Automatic;
				COMBINE_HIDPI_IMAGES = YES;
				CURRENT_PROJECT_VERSION = 1;
				ENABLE_APP_SANDBOX = YES;
				ENABLE_USER_SELECTED_FILES = readonly;
				GENERATE_INFOPLIST_FILE = YES;
				INFOPLIST_FILE = XLFQLApp/Info.plist;
				INFOPLIST_KEY_NSHumanReadableCopyright = "";
				INFOPLIST_KEY_NSMainNibFile = MainMenu;
				INFOPLIST_KEY_NSPrincipalClass = NSApplication;
				LD_RUNPATH_SEARCH_PATHS = (
					"$(inherited)",
					"@executable_path/../Frameworks",
				);
				MARKETING_VERSION = 1.1;
				PRODUCT_BUNDLE_IDENTIFIER = "$(APP_BUNDLE_ID)";
				PRODUCT_NAME = "$(TARGET_NAME)";
				REGISTER_APP_GROUPS = YES;
				STRING_CATALOG_GENERATE_SYMBOLS = YES;
				SWIFT_APPROACHABLE_CONCURRENCY = YES;
				SWIFT_DEFAULT_ACTOR_ISOLATION = MainActor;
				SWIFT_EMIT_LOC_STRINGS = YES;
				SWIFT_UPCOMING_FEATURE_MEMBER_IMPORT_VISIBILITY = YES;
				SWIFT_VERSION = 5.0;
			};
			name = Release;
		};
		CF9024C32F80D49A0020ACEC /* Debug */ = {
			isa = XCBuildConfiguration;
			buildSettings = {
				CODE_SIGN_STYLE = Automatic;
				CURRENT_PROJECT_VERSION = 1;
				ENABLE_APP_SANDBOX = YES;
				ENABLE_USER_SELECTED_FILES = readonly;
				GENERATE_INFOPLIST_FILE = YES;
				INFOPLIST_FILE = XLFQLPreview/Info.plist;
				INFOPLIST_KEY_CFBundleDisplayName = XLFQLPreview;
				INFOPLIST_KEY_NSHumanReadableCopyright = "";
				LD_RUNPATH_SEARCH_PATHS = (
					"$(inherited)",
					"@executable_path/../Frameworks",
					"@executable_path/../../../../Frameworks",
				);
				MARKETING_VERSION = 1.1;
				PRODUCT_BUNDLE_IDENTIFIER = "$(QL_BUNDLE_ID)";
				PRODUCT_NAME = "$(TARGET_NAME)";
				SKIP_INSTALL = YES;
				STRING_CATALOG_GENERATE_SYMBOLS = YES;
				SWIFT_APPROACHABLE_CONCURRENCY = YES;
				SWIFT_EMIT_LOC_STRINGS = YES;
				SWIFT_UPCOMING_FEATURE_MEMBER_IMPORT_VISIBILITY = YES;
				SWIFT_VERSION = 5.0;
			};
			name = Debug;
		};
		CF9024C42F80D49A0020ACEC /* Release */ = {
			isa = XCBuildConfiguration;
			buildSettings = {
				CODE_SIGN_STYLE = Automatic;
				CURRENT_PROJECT_VERSION = 1;
				ENABLE_APP_SANDBOX = YES;
				ENABLE_USER_SELECTED_FILES = readonly;
				GENERATE_INFOPLIST_FILE = YES;
				INFOPLIST_FILE = XLFQLPreview/Info.plist;
				INFOPLIST_KEY_CFBundleDisplayName = XLFQLPreview;
				INFOPLIST_KEY_NSHumanReadableCopyright = "";
				LD_RUNPATH_SEARCH_PATHS = (
					"$(inherited)",
					"@executable_path/../Frameworks",
					"@executable_path/../../../../Frameworks",
				);
				MARKETING_VERSION = 1.1;
				PRODUCT_BUNDLE_IDENTIFIER = "$(QL_BUNDLE_ID)";
				PRODUCT_NAME = "$(TARGET_NAME)";
				SKIP_INSTALL = YES;
				STRING_CATALOG_GENERATE_SYMBOLS = YES;
				SWIFT_APPROACHABLE_CONCURRENCY = YES;
				SWIFT_EMIT_LOC_STRINGS = YES;
				SWIFT_UPCOMING_FEATURE_MEMBER_IMPORT_VISIBILITY = YES;
				SWIFT_VERSION = 5.0;
			};
			name = Release;
		};
		CF9024E42F80F6F60020ACEC /* Debug */ = {
			isa = XCBuildConfiguration;
			buildSettings = {
				BUNDLE_LOADER = "$(TEST_HOST)";
				CODE_SIGN_STYLE = Automatic;
				CURRENT_PROJECT_VERSION = 1;
				GENERATE_INFOPLIST_FILE = YES;
				MARKETING_VERSION = 1.0;
				PRODUCT_BUNDLE_IDENTIFIER = com.nyaaaan.XLFQLApp.XLFQLTests;
				PRODUCT_NAME = "$(TARGET_NAME)";
				STRING_CATALOG_GENERATE_SYMBOLS = NO;
				SWIFT_APPROACHABLE_CONCURRENCY = YES;
				SWIFT_EMIT_LOC_STRINGS = NO;
				SWIFT_UPCOMING_FEATURE_MEMBER_IMPORT_VISIBILITY = YES;
				SWIFT_VERSION = 5.0;
				TEST_HOST = "$(BUILT_PRODUCTS_DIR)/XLFQLApp.app/$(BUNDLE_EXECUTABLE_FOLDER_PATH)/XLFQLApp";
			};
			name = Debug;
		};
		CF9024E52F80F6F60020ACEC /* Release */ = {
			isa = XCBuildConfiguration;
			buildSettings = {
				BUNDLE_LOADER = "$(TEST_HOST)";
				CODE_SIGN_STYLE = Automatic;
				CURRENT_PROJECT_VERSION = 1;
				GENERATE_INFOPLIST_FILE = YES;
				MARKETING_VERSION = 1.0;
				PRODUCT_BUNDLE_IDENTIFIER = com.nyaaaan.XLFQLApp.XLFQLTests;
				PRODUCT_NAME = "$(TARGET_NAME)";
				STRING_CATALOG_GENERATE_SYMBOLS = NO;
				SWIFT_APPROACHABLE_CONCURRENCY = YES;
				SWIFT_EMIT_LOC_STRINGS = NO;
				SWIFT_UPCOMING_FEATURE_MEMBER_IMPORT_VISIBILITY = YES;
				SWIFT_VERSION = 5.0;
				TEST_HOST = "$(BUILT_PRODUCTS_DIR)/XLFQLApp.app/$(BUNDLE_EXECUTABLE_FOLDER_PATH)/XLFQLApp";
			};
			name = Release;
		};
/* End XCBuildConfiguration section */

/* Begin XCConfigurationList section */
		CF9024992F80D4510020ACEC /* Build configuration list for PBXProject "XLFQLApp" */ = {
			isa = XCConfigurationList;
			buildConfigurations = (
				CF9024A82F80D4520020ACEC /* Debug */,
				CF9024A92F80D4520020ACEC /* Release */,
			);
			defaultConfigurationIsVisible = 0;
			defaultConfigurationName = Release;
		};
		CF9024AA2F80D4520020ACEC /* Build configuration list for PBXNativeTarget "XLFQLApp" */ = {
			isa = XCConfigurationList;
			buildConfigurations = (
				CF9024AB2F80D4520020ACEC /* Debug */,
				CF9024AC2F80D4520020ACEC /* Release */,
			);
			defaultConfigurationIsVisible = 0;
			defaultConfigurationName = Release;
		};
		CF9024C22F80D49A0020ACEC /* Build configuration list for PBXNativeTarget "XLFQLPreview" */ = {
			isa = XCConfigurationList;
			buildConfigurations = (
				CF9024C32F80D49A0020ACEC /* Debug */,
				CF9024C42F80D49A0020ACEC /* Release */,
			);
			defaultConfigurationIsVisible = 0;
			defaultConfigurationName = Release;
		};
		CF9024E32F80F6F60020ACEC /* Build configuration list for PBXNativeTarget "XLFQLTests" */ = {
			isa = XCConfigurationList;
			buildConfigurations = (
				CF9024E42F80F6F60020ACEC /* Debug */,
				CF9024E52F80F6F60020ACEC /* Release */,
			);
			defaultConfigurationIsVisible = 0;
			defaultConfigurationName = Release;
		};
/* End XCConfigurationList section */
	};
	rootObject = CF9024962F80D4510020ACEC /* Project object */;
}
